lockVersion: 2.0.0
id: 39249540-9d0a-4399-912f-4b4bb9daeab4
management:
  docChecksum: 3108d649e33f5279d68129f5181f5ae9
  docVersion: "1.0"
  speakeasyVersion: 1.733.3
  generationVersion: 2.845.11
  releaseVersion: 0.3.0-rc.5
  configChecksum: 6d069283ef730a293a15f71b03094f54
  repoURL: https://github.com/criblio/cribl-cloud-management-sdk-typescript.git
  installationURL: https://github.com/criblio/cribl-cloud-management-sdk-typescript
  published: true
persistentEdits:
  generation_id: bbd512b6-b93e-4e81-ac4a-1a5f1ae4aacc
  pristine_commit_hash: 487bf4a1236b3ea82a72f0b00824c63d2cd48157
  pristine_tree_hash: fe7b3fad5f7b1557042bd9f291f5bc618e4f074e
features:
  typescript:
    additionalDependencies: 0.1.0
    core: 3.26.37
    defaultEnabledRetries: 0.1.0
    devContainers: 2.90.1
    enumUnions: 0.1.0
    envVarSecurityUsage: 0.1.2
    globalSecurity: 2.82.15
    globalSecurityCallbacks: 0.1.0
    globalServerURLs: 2.83.1
    groups: 2.81.3
    methodArguments: 0.1.2
    nameOverrides: 2.81.4
    oauth2ClientCredentials: 1.1.5
    openEnums: 0.1.2
    responseFormat: 0.3.0
    retries: 2.83.0
    sdkHooks: 0.4.0
trackedFiles:
  .devcontainer/README.md:
    id: b170c0f184ac
    last_write_checksum: sha1:685ef7680c5e9abb45d2b4613a4562ec38f32322
    pristine_git_object: 8206e2f0cb3d98a71cf63f9df7ec700e47a19b8d
  .devcontainer/devcontainer.json:
    id: b34062a34eb1
    last_write_checksum: sha1:d0b15193202c961e7d1875864ddb15f9d17c84dd
    pristine_git_object: 4d560dd5f40afaf10d96eb75b1f02cd48bbd640c
  .devcontainer/setup.sh:
    id: 5f1dfbfeb8eb
    last_write_checksum: sha1:8b39a159c67d60d56a8c904cfd14ec94cc18f27e
    pristine_git_object: 3242e1d46f88ae50ee971d335ff0fc09a56e4459
  .gitattributes:
    id: 24139dae6567
    last_write_checksum: sha1:26d16d8297b104945139da8c25bd38feeaad3e25
    pristine_git_object: 113eead5093c17d43a46159132885318f281a68a
  .npmignore:
    id: aa70c1f807c3
    last_write_checksum: sha1:425e91786e3b6cddd2b364bf3f9f9cd38e3c3e1a
    pristine_git_object: 134e78a629b846b88e408199011801852bacc600
  FUNCTIONS.md:
    id: 21b9df02aaeb
    last_write_checksum: sha1:c5fd64b72532203f0d279dfce70afcac21f9dd55
    pristine_git_object: 70e4c5c730f5e8f92f7bdcef95b06e67d60316b4
  RUNTIMES.md:
    id: 620c490847b6
    last_write_checksum: sha1:e45b854f02c357cbcfdb8c3663000e8339e16505
    pristine_git_object: 27731c3b5ace66bedc454ed5acbe15075aacd3dc
  USAGE.md:
    id: 3aed33ce6e6f
    last_write_checksum: sha1:4e17dae766f7d9096f753bf451d1c1a01558d34b
    pristine_git_object: 39c79479a68ba2a9e9b8caad27e2af7d5e7a73ad
  docs/lib/utils/retryconfig.md:
    id: 0ce9707cb848
    last_write_checksum: sha1:bc4454e196fcd219f5a78da690375a884f5ed07b
    pristine_git_object: 08f95f4552349360b2c0b01802aa71ec3a55d2c2
  docs/models/apicredentialcreaterequestdto.md:
    id: 319c51eee342
    last_write_checksum: sha1:bf55e9ef14e2ba0eee35d95f5d46d4d2f1682df1
    pristine_git_object: 59c36251e239cc09ef105ffe9d93d4fe78933720
  docs/models/apicredentiallistitemschema.md:
    id: 438e8122ce18
    last_write_checksum: sha1:c583775de58acceae5b24d702511b126cb8d730c
    pristine_git_object: 9080e409dbdbd52f39bb8a9d4ce7104684ee0fde
  docs/models/apicredentialresponseschema.md:
    id: 720d766d5582
    last_write_checksum: sha1:a7ac31b114fc4f9c1bca006d0725bd14a8e2d6af
    pristine_git_object: 08dcb5949674a3eca4be31260dc3b3d364299cb6
  docs/models/apicredentialrolesschema.md:
    id: bf13c1048286
    last_write_checksum: sha1:089f6c74ef4a50c67c86d83df895b947dfdf449f
    pristine_git_object: 2e85207a00fcec63f2fed09262910b1038da14be
  docs/models/apicredentialslistresponsedto.md:
    id: 703a25f19467
    last_write_checksum: sha1:4295b71424967e83ce37cae900314a716823f471
    pristine_git_object: e1558db18c410b7aa5595aea1d0b61744be3c784
  docs/models/apicredentialupdaterequestdto.md:
    id: 735a837faa57
    last_write_checksum: sha1:e691e16c76c4a633be8ddc185b9b060a241b5413
    pristine_git_object: a20f977788354d984b48f5168d78667027fdfae2
  docs/models/defaulterrordto.md:
    id: 2faad791832c
    last_write_checksum: sha1:0ad798c38689296ab310e5fad4dcaf0f57b398f1
    pristine_git_object: 1508ab2faa764d3575abdb333a42deb9207e944d
  docs/models/operations/gethealthstatusresponse.md:
    id: 22d4bba29dc6
    last_write_checksum: sha1:50b9336d11ebb0717704db25521617ebf941dd7d
    pristine_git_object: 3f7828cbfaa873b9ba3ef82629a1edccab0da9ce
  docs/models/operations/gethealthstatusresponsebody.md:
    id: eee8b6f44127
    last_write_checksum: sha1:6c3882158be88cab0c77df444fdb805591db87e1
    pristine_git_object: 5f602febdacbadd270b35d7f54a17163165c0dc0
  docs/models/operations/v1apicredentialscreateapicredentialrequest.md:
    id: 4f09f7fab06b
    last_write_checksum: sha1:d783fa2fa9af4390b1b1e4adc6933efc18c363b6
    pristine_git_object: 51f916a0b3b9266b40939293a4462a55417952ff
  docs/models/operations/v1apicredentialscreateapicredentialresponse.md:
    id: ef649623d8b2
    last_write_checksum: sha1:2f862dfbf5d2ae9d6f4f5d35785cb08db7b6e747
    pristine_git_object: 432b3684711f1088e89382159dd43e8577e0ca0d
  docs/models/operations/v1apicredentialsdeleteapicredentialrequest.md:
    id: 84e5d37338c8
    last_write_checksum: sha1:5624c6986adfd9a6f1a6d6c84b18b1945b4e1fac
    pristine_git_object: f707142045dafdc3532904790db4e30aab0f9af5
  docs/models/operations/v1apicredentialsgetapicredentialrequest.md:
    id: ea8282d89c1f
    last_write_checksum: sha1:82f06b797f6ce94201eb20ea6542f1df8ee36dc6
    pristine_git_object: 0ee87dbaa696021eedaa74a0689f3ebed5a21419
  docs/models/operations/v1apicredentialsgetapicredentialresponse.md:
    id: 1b5d4244844f
    last_write_checksum: sha1:3c4b62a331b58072dddd6fdb94c4fd800ef79850
    pristine_git_object: 88a69fa42ce1ed2551b40196566207cecbf5b009
  docs/models/operations/v1apicredentialslistapicredentialsrequest.md:
    id: 7a30f7bd1eaf
    last_write_checksum: sha1:3022e9a44ce9679150f0e98c9fbd4ad9e18f75f2
    pristine_git_object: 82a45d3f091f6fb37eff080ea6955944cdff3b68
  docs/models/operations/v1apicredentialslistapicredentialsresponse.md:
    id: 56356d6eb363
    last_write_checksum: sha1:8ce3e797f252eda666780f77ee3dc9a44086e270
    pristine_git_object: 25bf76bc0dab5ae1386cc358dbf497fe6285ad01
  docs/models/operations/v1apicredentialsupdateapicredentialrequest.md:
    id: 5a6e9522f030
    last_write_checksum: sha1:c7bc3f423d77143e17cefefad2e9cbe6912377f7
    pristine_git_object: 675247bc2fbf99ab213eeb7198e80cc2ff47498a
  docs/models/operations/v1workspacescreateworkspacerequest.md:
    id: 43494c6a74c7
    last_write_checksum: sha1:97b7b9dc9e4d796df110548d8d327e5c653a0db1
    pristine_git_object: 10cf999283989b33fd918975dd3c4ec2a5332781
  docs/models/operations/v1workspacescreateworkspaceresponse.md:
    id: 67d315009833
    last_write_checksum: sha1:80f28b0d66a8e8d35c9a7101463ee31b50dfd6c2
    pristine_git_object: 30acdf478990803ddb7a3b21240fe05d9cb04548
  docs/models/operations/v1workspacesdeleteworkspacerequest.md:
    id: b9d00d82d3d5
    last_write_checksum: sha1:1912fd1fbedc4399a7262c098d984324b82cc8ff
    pristine_git_object: 91ac23d10babb6f9aa8f9327965b0c9860625afc
  docs/models/operations/v1workspacesgetworkspacerequest.md:
    id: 452ab7bd4213
    last_write_checksum: sha1:d08a1acb6e10a371796d644f2a6996bfe55cb069
    pristine_git_object: 5807080ed1a2584694edfa8942655ec3c3503544
  docs/models/operations/v1workspacesgetworkspaceresponse.md:
    id: 411e02f48f03
    last_write_checksum: sha1:558221aaec3226b961aa1808e5a1eabbfc85d207
    pristine_git_object: 996e185b370aad0ff2e7783d520f871e26cb22a7
  docs/models/operations/v1workspaceslistworkspacesrequest.md:
    id: 5c6c50a4defd
    last_write_checksum: sha1:f078b4ed4bf509cb28e10e204e93c1c33cbc6858
    pristine_git_object: 5712db1ced0a42c2faf4a49df2fbd3f12ab113ca
  docs/models/operations/v1workspaceslistworkspacesresponse.md:
    id: c32e6107dcca
    last_write_checksum: sha1:e30a469d407207cd1862ca2d0206565f614480e2
    pristine_git_object: 7dd4f2c0c69b1cf42f7f47ede49204254601ce41
  docs/models/operations/v1workspacesupdateworkspacerequest.md:
    id: 3c03fb30ff0c
    last_write_checksum: sha1:ef7b1f59fc1d0ae7ba9280bc1fb7c5914c848d25
    pristine_git_object: b9ec7e55fe6b90157c14d641b84460cbeb8ccb25
  docs/models/organizationrole.md:
    id: 5a70793f04e6
    last_write_checksum: sha1:f1d3ea57b8005806ab990b830d61ddef64df6c18
    pristine_git_object: 3d1ef4f6a92fb4cc5f7ff0036f55af7520d26ed3
  docs/models/product.md:
    id: c91436bbe13a
    last_write_checksum: sha1:230166795c34fec4aeb9104aef7a06cc76aaa5ee
    pristine_git_object: ba10e44caef3983db372db52e2b11909319907c1
  docs/models/productroleschema.md:
    id: 38abbf7af6b1
    last_write_checksum: sha1:fc7ebb7834c781e5f368a30373eabbf949788425
    pristine_git_object: 52e495eccaf150cf565b95be14407adb14bbe931
  docs/models/region.md:
    id: 79be579f21a7
    last_write_checksum: sha1:6cc718a9adb972c1666d323f1b49c95893d60461
    pristine_git_object: 5a61d506fac04153a7832a83423eb69d0aaa50f6
  docs/models/role.md:
    id: b694540a5b1e
    last_write_checksum: sha1:cb35752df55761db0926b29d134bd0a15dc20b0c
    pristine_git_object: 6c825f24ae4200569531a5178959a081256cfb7f
  docs/models/schemeclientoauth.md:
    id: 961e796e86c2
    last_write_checksum: sha1:65f02272ff57d4d793923b9e9b5997ee46f1dd76
    pristine_git_object: 3642d73c58a7576d3df823eb20a1ec16202343f6
  docs/models/security.md:
    id: 452e4d4eb67a
    last_write_checksum: sha1:e728de9afbb040991cada4f539f97ddd2d69c662
    pristine_git_object: 89bb5c5b1b341fc05ad87a3390b8fff70f7189ff
  docs/models/state.md:
    id: e560b4e72643
    last_write_checksum: sha1:23db67f43f010c55f42b16326dac6bc1c6fc401f
    pristine_git_object: cc113c2733e10d08b3dbcfb672e6b990ed593e0a
  docs/models/workspacecreaterequestdto.md:
    id: c6d2d66f4333
    last_write_checksum: sha1:8b3a6a8401d0ced466f20ac332079fd4aa869ea8
    pristine_git_object: 6b90d21cd9fcd6681ac5c661fef39fecc6c6c3f0
  docs/models/workspacepatchrequestdto.md:
    id: c23d2f32d55f
    last_write_checksum: sha1:22f80ebd064a121063effccd0a4e60cc27c3deab
    pristine_git_object: b2469559b0a6e3ae6da5a78af770a509e63d8371
  docs/models/workspacerole.md:
    id: 1806a4161649
    last_write_checksum: sha1:bda63856223b40e8af03425b191c2821311aa5ea
    pristine_git_object: e51f20a22e013307a00b0246c72bb9c0d107ee98
  docs/models/workspaceroleschema.md:
    id: 23ee1c36e6b5
    last_write_checksum: sha1:7558989aa5eace7c521042ee05e9f606265c9f15
    pristine_git_object: e883331c772a25dc46593ac12b6b0cd8bf300066
  docs/models/workspaceschema.md:
    id: 38e9dfa53552
    last_write_checksum: sha1:bf42244fb948862c8df55269d3a4d39b7479fc2d
    pristine_git_object: 4d1f2da239aeeed5c6f244819c7ff2b21eb2b886
  docs/models/workspaceslistresponsedto.md:
    id: a149445e390c
    last_write_checksum: sha1:b69e76e24cab1d89ba53f97ba5267bdc8e1eb46e
    pristine_git_object: 90fa5c1b38f58c58ac05824a357fbab769cd6470
  docs/sdks/apicredentials/README.md:
    id: 93fa0592990c
    last_write_checksum: sha1:47eb86d5adb3f04c9d09689325fe5ea1cfa16b5e
    pristine_git_object: 590b9fb538b6b8c2110e6bed9d40bbfee51d7c45
  docs/sdks/health/README.md:
    id: 5082c50d5e82
    last_write_checksum: sha1:3eff8ad9e17781e68e35d3b33bafbd106d862d79
    pristine_git_object: e24d17f92d46d13e78c98f3baabf750a177e5099
  docs/sdks/workspaces/README.md:
    id: 1f5b051a6380
    last_write_checksum: sha1:f0011667a6f7f16c97ed7c541881b973716545ec
    pristine_git_object: 5fc9c579dc24dc8bdb22841efb66ffc1f28ed9be
  eslint.config.mjs:
    id: 461c8d07f6da
    last_write_checksum: sha1:9398f326377fe47f67af2df6eb6370750c0790b4
    pristine_git_object: 67bccfec985be20a00970d90155752832dd47135
  jsr.json:
    id: 7f6ab7767282
    last_write_checksum: sha1:ab0e5e18e4f50c77131029d05920de309bbaa165
    pristine_git_object: 269ceedda28c42153f7a9aab5a612bc3ca705652
  package.json:
    id: 7030d0b2f71b
    last_write_checksum: sha1:5648640e4f5ffeae6206cd2a9ce428b329378133
    pristine_git_object: d5928a26e8153bdb943801fa154bd13238880e29
  src/core.ts:
    id: f431fdbcd144
    last_write_checksum: sha1:aa936f7bd2a88be72ba9abff04f666ef9dd4aaf5
    pristine_git_object: 73d0432c1a2a679de361272933e658fcb9f10ad7
  src/funcs/apiCredentialsCreate.ts:
    id: 57780e736e62
    last_write_checksum: sha1:b0a65ca5fa11dd32431c3875f5e35d5a2a9d747c
    pristine_git_object: b8b8a400bf036cc83ab87e4ebfd6e3cbb2acdef3
  src/funcs/apiCredentialsDelete.ts:
    id: 0a9709f64f6f
    last_write_checksum: sha1:97c2b878141eb7db28f64bf04cbd00f4b81ecce9
    pristine_git_object: 6f84cd603784e1d496d38bf7caaaa2154e192d36
  src/funcs/apiCredentialsGet.ts:
    id: 70573b7857ce
    last_write_checksum: sha1:42b4376e4cfe1450ae9ca28a5beaa0132d3b62f4
    pristine_git_object: f9bd599b88ffdf4d8f5a4c6439f9cc242d6f974a
  src/funcs/apiCredentialsList.ts:
    id: 807755baccc2
    last_write_checksum: sha1:e0b43847feedfb4cd0871927f3221e03ab6d544d
    pristine_git_object: bed9634d077ce07ab894d1cfdd90a844cfbc07ab
  src/funcs/apiCredentialsUpdate.ts:
    id: d42f154f5082
    last_write_checksum: sha1:9bbf70d192f9deaab6cb0375e751627040294b12
    pristine_git_object: f1897b055f6c8518c48fc990c7d81f757a1015c0
  src/funcs/healthGet.ts:
    id: e9c08b6f7e1c
    last_write_checksum: sha1:3edb339944b0ee846df525208aa744e528fc4de0
    pristine_git_object: 42cfea737df5f6174e539b922b4d5fbcdea9e938
  src/funcs/workspacesCreate.ts:
    id: 151342b46246
    last_write_checksum: sha1:e35ad871b8d4fd1f8fed876385a85fcc2967c090
    pristine_git_object: 0a548aefdafdc288d43cc164ac91447bd43845f3
  src/funcs/workspacesDelete.ts:
    id: 548699dffed1
    last_write_checksum: sha1:f7023feab2465a5b3a254e4f81d4dfa8a9c1b976
    pristine_git_object: f515b9d80c4c237777a54fa356ebd02b5e80c85d
  src/funcs/workspacesGet.ts:
    id: f361d34e5bff
    last_write_checksum: sha1:6351593dfe137a642642446ea332dec41f6d4dec
    pristine_git_object: d127addfe5d41cee6b2d8aa158741610e710837f
  src/funcs/workspacesList.ts:
    id: 6ff9df556ff5
    last_write_checksum: sha1:dcf9ca316ed77f2e3954711e8dbf1a083c7d4451
    pristine_git_object: c48e27532f41a20bf8f0209e0827851c1e507459
  src/funcs/workspacesUpdate.ts:
    id: f0404418dd03
    last_write_checksum: sha1:57b8da2af63f0fc20faa93fc681a48a5b69b1338
    pristine_git_object: f58d5d623d1905b1ea7e1e8b6ac03c026cd60121
  src/hooks/clientcredentials.ts:
    id: 81c2e30380d8
    last_write_checksum: sha1:ed4b097354be76187355327cf3c0d2e8a600b7b2
    pristine_git_object: 475129f17f43eec5adca3f762e903a00b37fbd75
  src/hooks/hooks.ts:
    id: a2463fc6f69b
    last_write_checksum: sha1:5b1e3fa9e469c8df8b22ac79c0a3e2c8a39b4845
    pristine_git_object: c177922a1ae4bf86e3b22e5584248ece7160db24
  src/hooks/index.ts:
    id: 5f2dab62b520
    last_write_checksum: sha1:1a11c073a6cd792932218e1d4ed36b8567bad8ef
    pristine_git_object: f60ec7acd76141a71d78008c5a362eb0236d8335
  src/hooks/types.ts:
    id: 2a02d86ec24f
    last_write_checksum: sha1:27a3444c4839bec58ae89820fd8c2483edafc3f4
    pristine_git_object: 9c36bf01332084f735909a71036c3544cc4c7e3a
  src/index.ts:
    id: c5fb850250c7
    last_write_checksum: sha1:35c9cde3ae14b18b3f893a1afe8b6c44f8760f24
    pristine_git_object: dbcba164a0082e3bb8c43cf21fa7f8ffb9d35dfc
  src/lib/base64.ts:
    id: "598522066688"
    last_write_checksum: sha1:b0b12ddbd8625efb47c0e955a18641aeb10c6532
    pristine_git_object: 0aebd8b0a4867e35cb3348fc52921c3c0b4725b7
  src/lib/config.ts:
    id: 320761608fb3
    last_write_checksum: sha1:2fefce18ca668562f2a93fd0e0c1d8186fddf710
    pristine_git_object: 67f3a84cf1e82230da8589d3ca85ccb4b87295e8
  src/lib/dlv.ts:
    id: b1988214835a
    last_write_checksum: sha1:1dd3e3fbb4550c4bf31f5ef997faff355d6f3250
    pristine_git_object: e81091f5e536f82739f71379b1fddc2d147c49e2
  src/lib/encodings.ts:
    id: 3bd8ead98afd
    last_write_checksum: sha1:d20c131976ab8ac68b22bdde2b7ed84b5b873922
    pristine_git_object: 31cd3733907afbee3641b9ab680ed417247a7d33
  src/lib/env.ts:
    id: c52972a3b198
    last_write_checksum: sha1:7e22f08693d49600e150db480d5071c902ad6b63
    pristine_git_object: 8a89e5d6fdc560b2009c3112cb2948ab1174a12b
  src/lib/files.ts:
    id: e5efa54fcb95
    last_write_checksum: sha1:d0f325f445b8d22e7d73baf052c585ec2dd24841
    pristine_git_object: 0344cd046d033f9e8a55de02f7935c5cec5dc30b
  src/lib/http.ts:
    id: 63a80782d37e
    last_write_checksum: sha1:797cbf16d3c7c4d62d3ba0eedb08617524938457
    pristine_git_object: 13cf1fd7894a89f727b8d2db2ad24313a94f68c7
  src/lib/is-plain-object.ts:
    id: b9862591096a
    last_write_checksum: sha1:df687f25a9590b6fd95d39df41a652ae3fd4e517
    pristine_git_object: 61070d3d7c7e5e95b1ed7e7ea21869eb0767db77
  src/lib/logger.ts:
    id: 7ee7741a02bf
    last_write_checksum: sha1:0ec9d3a2a34c362746b767e4f9a746c055d57a7b
    pristine_git_object: d181f2937d4128afbe9b0327e0f81d1fa9c877b7
  src/lib/matchers.ts:
    id: d54b2253b719
    last_write_checksum: sha1:cca612c52dc658749fa508d8d856fa05bc68b377
    pristine_git_object: ad30f17633d0449fc6f55d3fc1fceed54e838dc8
  src/lib/oauth2-sessions.ts:
    id: 537b7294cec0
    last_write_checksum: sha1:5dd800929f75f5006fcbaba031a0c21e5f9d9ee9
    pristine_git_object: 932c170f5c0ab5d76cf789838bd3fe8cba33ba44
  src/lib/primitives.ts:
    id: 74859f750b28
    last_write_checksum: sha1:987869fc54790b9c22e9182099103d6aa7c67016
    pristine_git_object: d21f1dc49affa4e6d324bdd60811b470fdfa7eb6
  src/lib/retries.ts:
    id: b24a69d15639
    last_write_checksum: sha1:f3da74dffcbe2756c69393f8600205aa1dc06e68
    pristine_git_object: e3ce9aba72150fc3c18f3105d39b21aba809377b
  src/lib/schemas.ts:
    id: deb4b531fae1
    last_write_checksum: sha1:209cfaabfa7fc1c1310f97453215cb0755619c6e
    pristine_git_object: 47edb9725c2482c667e2ddc8a56b1fec4285c492
  src/lib/sdks.ts:
    id: 8a6d91f1218d
    last_write_checksum: sha1:88bd322143fdeef95a805c7a8c19fd1570873780
    pristine_git_object: 495efa9069ce11039d926f13ac56d8ee1d75a178
  src/lib/security.ts:
    id: 0502afa7922e
    last_write_checksum: sha1:afaca3ce6058f904ef9cd779b87d34c1db04c986
    pristine_git_object: 06dca05771cdcf2ede88abaf2b1c15507b229948
  src/lib/url.ts:
    id: b0057e24ed76
    last_write_checksum: sha1:d124050c7e755c0cce233b9e029afb584ff65201
    pristine_git_object: f3a8de6c021de59c991707946cd294596cae954d
  src/models/apicredentialcreaterequestdto.ts:
    id: c8742b0f04b7
    last_write_checksum: sha1:bc85ebf4deb8d484e794d7289c0c2d7f8e7def22
    pristine_git_object: ede4122a7d79024f8a49a77bb9656b14611717e1
  src/models/apicredentiallistitemschema.ts:
    id: 132ee4f19228
    last_write_checksum: sha1:fbe77969887d6284ea3a995bd0d0d7d995d11d48
    pristine_git_object: dae432b311ebe68537b1251b483d21e61b4203d1
  src/models/apicredentialresponseschema.ts:
    id: 4689ed516ae0
    last_write_checksum: sha1:d783dc4d44c74a81bc87b21ce55a2f1afa5369c0
    pristine_git_object: e11cb1e2c21ef02b00cc04284fff4f7c78169ddd
  src/models/apicredentialrolesschema.ts:
    id: 1e23dd27e945
    last_write_checksum: sha1:98433f237277a0bcd685bd0065a15da88ea397f5
    pristine_git_object: 099895889c054b023405ea5604971a9b5e6e0ec2
  src/models/apicredentialslistresponsedto.ts:
    id: 64396a6b867c
    last_write_checksum: sha1:62a15f110eebbf4b39384fa7bb333af3e4a3d6ac
    pristine_git_object: 33e413d701c9d3840a04fd2318e782bef1b3d90c
  src/models/apicredentialupdaterequestdto.ts:
    id: 235e9782dd68
    last_write_checksum: sha1:c419202b456824dd6940ebcf66ee57ced626037f
    pristine_git_object: db745b5767b4378619c412e0eef931a890c7515e
  src/models/defaulterrordto.ts:
    id: 992e891a6b22
    last_write_checksum: sha1:1c399498edea781bbd6ac7b0d4d0b423fad7cd9e
    pristine_git_object: 14cb1b8ab3771122d88f810da22884a82170527b
  src/models/errors/criblmgmtplanedefaulterror.ts:
    id: 4566c58ab4ba
    last_write_checksum: sha1:3a152da75f69aeead067594312f4b6f27164d163
    pristine_git_object: a96d53ba67bd0ca963b3d6a3eb0c7908bc4aff62
  src/models/errors/criblmgmtplaneerror.ts:
    id: e9e979aa0c75
    last_write_checksum: sha1:6f1b55ea08d505ed8c6bcbb3eadcba7ee599dd83
    pristine_git_object: e416e81946aa9dae7cbf5baf7e8864ff45cc18cd
  src/models/errors/httpclienterrors.ts:
    id: 6948de76af99
    last_write_checksum: sha1:994ced121c54fecd0af038ccfb7855fbfd3868ec
    pristine_git_object: b34f612124c797c2a1106b9735708f679a90b74f
  src/models/errors/index.ts:
    id: c4e22507cb83
    last_write_checksum: sha1:e064bf615e093817a654d042db5ac7f228ff9b8c
    pristine_git_object: f9f316f0bc9879a11a1a537bd6d9e26a9f5f1bb4
  src/models/errors/responsevalidationerror.ts:
    id: 88ff98a41be9
    last_write_checksum: sha1:08abf9d9ce39fa4d762d2b180882f0c3d212c8e4
    pristine_git_object: 7a1747875a39763d1e8da5c5d465f2914d6b00eb
  src/models/errors/sdkvalidationerror.ts:
    id: fb6b2b49c445
    last_write_checksum: sha1:a69da17627bcc32b820544608f3400423ea53f26
    pristine_git_object: 6826e1208a5d7b7d310535d18909646522bf0fbd
  src/models/index.ts:
    id: f93644b0f37e
    last_write_checksum: sha1:8d30a9dfe6efa6ad3107543580c6677d181893a6
    pristine_git_object: 77e7a3dc8751f7834bf242a2e139d67c53b06ed2
  src/models/operations/gethealthstatus.ts:
    id: c80df7055651
    last_write_checksum: sha1:f291c03d5c26b3b5edce9e52d1401dca35b6c441
    pristine_git_object: 3db3dd23379c8e3719f091d213289b2d5fdba1e3
  src/models/operations/index.ts:
    id: 0d9ffaf774d2
    last_write_checksum: sha1:83716526fe2f2098a6aed2dfa04f9f9c2ab81409
    pristine_git_object: 3d0d927ccbe5155082548ba817a653831242237d
  src/models/operations/v1apicredentialscreateapicredential.ts:
    id: b1fdf097b0ca
    last_write_checksum: sha1:ed5cedc70e3d57daebd9e127ade1d40800055f37
    pristine_git_object: 93229a8c982c4b46597b9832adceebc5136c611d
  src/models/operations/v1apicredentialsdeleteapicredential.ts:
    id: 2a002e17088a
    last_write_checksum: sha1:a1ff72bf06da8149d2dee3ca77b121a211555ee3
    pristine_git_object: a2eaff73fd374bfa0cf84e00c61ecb7ac74fcdd1
  src/models/operations/v1apicredentialsgetapicredential.ts:
    id: 4c31329f7585
    last_write_checksum: sha1:fb7aedc717b0e902c2e0bb385ee7c548a9d56314
    pristine_git_object: be7261c1c318d40c904b9f21b2ee26285a38aafe
  src/models/operations/v1apicredentialslistapicredentials.ts:
    id: 26d3a1b39d59
    last_write_checksum: sha1:b5111dd08241ecb91e494fb72d014f12b44aa011
    pristine_git_object: 5db841b420fb8140135eb94512c1e330e71d512d
  src/models/operations/v1apicredentialsupdateapicredential.ts:
    id: 2a6077b52030
    last_write_checksum: sha1:4bfd6df1aa784f7881b120c05f5db0a34496a4ca
    pristine_git_object: 9a2c894b60ba78ebf4591067e1f91566b8cd4cac
  src/models/operations/v1workspacescreateworkspace.ts:
    id: 86ff53feef19
    last_write_checksum: sha1:64c38a900eb193835fb1f85dd247b39085263e06
    pristine_git_object: 2b1c6c63bdac4dd48b8a26eb0861bff4cc8edf13
  src/models/operations/v1workspacesdeleteworkspace.ts:
    id: 0d392dc566a7
    last_write_checksum: sha1:116a5eda7776c075b53ab9b2f0b61e0cc50b669c
    pristine_git_object: 2c26a6cc56252a8ab265902051f37cb037e5942f
  src/models/operations/v1workspacesgetworkspace.ts:
    id: 8db530e3be15
    last_write_checksum: sha1:5d7aeb5cd6e8b0793f231d16d1b397b5f5d723bb
    pristine_git_object: fd9eb358bf55f78709ffd4d793205e8c81423a50
  src/models/operations/v1workspaceslistworkspaces.ts:
    id: d5e32039d122
    last_write_checksum: sha1:cffa8a1bb0134a388ecc5a46773f451f8cb9026c
    pristine_git_object: 9bb3ac8f64bd1c4bfa2af09700899fb918ba3d2c
  src/models/operations/v1workspacesupdateworkspace.ts:
    id: ca2e087ddae8
    last_write_checksum: sha1:912adc18f289b5f3d9e1e8bcc89a96c0e5dc41cd
    pristine_git_object: 907c56256f23a9cf0a41e6d2a29b88932382d449
  src/models/productroleschema.ts:
    id: 6ac0967260a6
    last_write_checksum: sha1:63789168aee0248c9f12e09ad756fca0816bcee1
    pristine_git_object: 9c36145408ab661f8f28e62563737c087d0476f0
  src/models/schemeclientoauth.ts:
    id: ec6e10e91995
    last_write_checksum: sha1:49122acffece0a564b72b46f6f112dd80c2f5bac
    pristine_git_object: be4787243b0c6d398e87aee426e3113bfedb3ff3
  src/models/security.ts:
    id: d90c6c784ca5
    last_write_checksum: sha1:fa10a8070a02770327a6bb927814e7645bfffd75
    pristine_git_object: 206e51c330dc8bcff0df7484ce22bcbfde7664cb
  src/models/workspacecreaterequestdto.ts:
    id: 08ce8671c087
    last_write_checksum: sha1:95579d86f925dbf244145adce2efdc6f98dbe32b
    pristine_git_object: acbdf58fd4684b17cbf27ed56eac9408d12f6b39
  src/models/workspacepatchrequestdto.ts:
    id: 9c7a52a533f2
    last_write_checksum: sha1:e1139529db2af11564009dd33d69839ffabc554b
    pristine_git_object: d0261aff93c132f4899d9192d412de83b1444b6d
  src/models/workspaceroleschema.ts:
    id: a2266ec803b6
    last_write_checksum: sha1:b9e807236cdd314838a45bb8e72541ef79333091
    pristine_git_object: ad0e12211b2ca9fba0a8847f2aecb9ce3aeec708
  src/models/workspaceschema.ts:
    id: a5d6afbea25d
    last_write_checksum: sha1:6ffa74ae28f17f987a20dde40a38b67d28124018
    pristine_git_object: 5f2581fb317263d67f782899d1e779f275bf481c
  src/models/workspaceslistresponsedto.ts:
    id: 5f270357451e
    last_write_checksum: sha1:92a35af9d586b5888c33435da98dfa6a6e0546e4
    pristine_git_object: 03d2685a2b7b2714ce264b118690b63556b31f7c
  src/sdk/apicredentials.ts:
    id: db58115404b3
    last_write_checksum: sha1:744e4ea6a54774b1abf6dab2309d11f17f7ab92d
    pristine_git_object: 2addf40d047ac9dd8c2206a6d97cd97864fa9fc2
  src/sdk/health.ts:
    id: d2e0a0845caf
    last_write_checksum: sha1:30eb0bd51c1f73c60dff01a691e8ecda3d6d87b5
    pristine_git_object: 2d822a41562a8e0194355c4eb71658f3442380ee
  src/sdk/index.ts:
    id: a857902a703f
    last_write_checksum: sha1:ed6d64f2a6135349aa8498b8d8cff9ba85c7fb8f
    pristine_git_object: ecac2264817bb369ff2dbf0f0e9029807e67ff77
  src/sdk/sdk.ts:
    id: 784571af2f69
    last_write_checksum: sha1:9f36185497f2122096053b1a09bf4fa6921ac062
    pristine_git_object: 68e21034429c5fda108cffb9fd746f5f47bc6b3c
  src/sdk/workspaces.ts:
    id: 72b45379c8d9
    last_write_checksum: sha1:b3e452439980480e73ff6b97e8e270d0606ea213
    pristine_git_object: b7b80c5d651778bbeb8a194dabbcb218aa183180
  src/types/async.ts:
    id: fac8da972f86
    last_write_checksum: sha1:3ff07b3feaf390ec1aeb18ff938e139c6c4a9585
    pristine_git_object: 689dba5de50e8769e5f3bb913e3f42a146d15bc1
  src/types/blobs.ts:
    id: f8ab9b326c86
    last_write_checksum: sha1:cf45d78916671cb6345a11c97c633c64402bc27c
    pristine_git_object: cce2892d4f573a120ef3907db90ab15f5979cfda
  src/types/constdatetime.ts:
    id: 0f7b6f513917
    last_write_checksum: sha1:dfaaf9adfaf49808bd4c9dea0039f21b7088d9c0
    pristine_git_object: fe62144eaf6a2054fc8ca9a98466e70f41b5434d
  src/types/defaultToZeroValue.ts:
    id: d54b3d6e7bdd
    last_write_checksum: sha1:2820c0bc8e71d475e79cc6b6947ca18d93f6310c
    pristine_git_object: c4cad53db08687649a55c711c4f4b3a29f7b7d24
  src/types/enums.ts:
    id: 4d03ddfe5100
    last_write_checksum: sha1:ee590453d2c87e33e89c633d37ee46907eca0e58
    pristine_git_object: aba0ffd2a3308a31e516d83b52823d80aa65a8f9
  src/types/fp.ts:
    id: ae9f0fb8aab6
    last_write_checksum: sha1:d24994d58f37a1ca106847fcc6d2e976c6f1c093
    pristine_git_object: ccbe51eac69dfb0da5131f14fd753c4b47c1d527
  src/types/index.ts:
    id: cd7a0a5ed005
    last_write_checksum: sha1:ad30d87d2039f717846a280af3a6c3a0b1ade14e
    pristine_git_object: c7901b64009092dcc3cf4e00ff1e4866a7342a2c
  src/types/operations.ts:
    id: 314da01dca47
    last_write_checksum: sha1:c49e724cfb1259296381cb57bc0fcdd2eae45865
    pristine_git_object: beb81e10f0b9eee2ed398a853fe6f737b743f818
  src/types/primitives.ts:
    id: 0cd7f4ac625d
    last_write_checksum: sha1:fc208edf516b7fb09e178e2a6ec36ebc39b001e8
    pristine_git_object: 44c5f0c532bb488b8b73a8eef25e18e49f953f45
  src/types/rfcdate.ts:
    id: 9eb64906dcd6
    last_write_checksum: sha1:8e5f382e02fe21c2f2e24deb1b7bbf8cddd3dd16
    pristine_git_object: c79b3f53a3dd922aa2ace5a4191c8652cf9a8e89
  src/types/smartUnion.ts:
    id: b65a1bd4c0e9
    last_write_checksum: sha1:9a0ea4a9b130336af347a7f4f5c44b17465d618b
    pristine_git_object: b7af92100ac5b772c656f683e99b3b65ddcc0453
  src/types/streams.ts:
    id: f99be9c4bf14
    last_write_checksum: sha1:cc9ced2dd34a76c3a1bd7784ccda1cc3b37ab9a9
    pristine_git_object: a0163e7a99cea88f21d0ad4ce3af1c720180ee20
  src/types/unrecognized.ts:
    id: 476605c40716
    last_write_checksum: sha1:d33ac686528492f4cdc0dbf81ed343b4afe020fe
    pristine_git_object: b7a2a13f3dff50663429df24ae2f55b647ff1084
  tsconfig.json:
    id: 61ebb9fd6e8c
    last_write_checksum: sha1:c3ec7996536cdb9a54319e7d1eb3b199b733d34c
    pristine_git_object: 0ccdbe286a8780e06a469a9eb7e2fb95322fd507
examples:
  dummyServiceStatus: {}
  getHealthStatus:
    speakeasy-default-get-health-status:
      responses:
        "200":
          application/json: {"status": "OK"}
        default:
          application/json: {"statusCode": 1397.13, "message": "<value>"}
  v1.workspaces.createWorkspace:
    speakeasy-default-v1-workspaces-create-workspace:
      parameters:
        path:
          organizationId: "<id>"
      requestBody:
        application/json: {"workspaceId": "main", "alias": "Production Environment", "description": "Main production workspace for customer data processing", "tags": ["production", "customer-data"]}
      responses:
        "201":
          application/json: {"workspaceId": "main", "region": "us-west-2", "leaderFQDN": "workspace-leader.example.com", "state": "Active", "alias": "Production Environment", "description": "Main production workspace for customer data processing", "tags": ["production", "customer-data"]}
        default:
          application/json: {"statusCode": 2135.91, "message": "<value>"}
  v1.workspaces.listWorkspaces:
    speakeasy-default-v1-workspaces-list-workspaces:
      parameters:
        path:
          organizationId: "<id>"
      responses:
        "200":
          application/json: {"items": [{"workspaceId": "main", "region": "us-west-2", "leaderFQDN": "workspace-leader.example.com", "state": "Inactive", "alias": "Production Environment", "description": "Main production workspace for customer data processing", "tags": ["production", "customer-data"]}], "count": 5}
        default:
          application/json: {"statusCode": 5622.58, "message": "<value>"}
  v1.workspaces.updateWorkspace:
    speakeasy-default-v1-workspaces-update-workspace:
      parameters:
        path:
          organizationId: "<id>"
          workspaceId: "<id>"
      requestBody:
        application/json: {"alias": "Production Environment", "description": "Main production workspace for customer data processing", "tags": ["production", "customer-data"]}
      responses:
        "200":
          application/json: {"workspaceId": "main", "region": "us-west-2", "lastUpdated": "2023-01-01T12:00:00Z", "leaderFQDN": "workspace-leader.example.com", "state": "Active", "alias": "Production Environment", "description": "Main production workspace for customer data processing", "tags": ["production", "customer-data"]}
        default:
          application/json: {"statusCode": 8141.25, "message": "<value>"}
  v1.workspaces.deleteWorkspace:
    speakeasy-default-v1-workspaces-delete-workspace:
      parameters:
        path:
          organizationId: "<id>"
          workspaceId: "<id>"
      responses:
        default:
          application/json: {"statusCode": 8158.92, "message": "<value>"}
  v1.workspaces.getWorkspace:
    speakeasy-default-v1-workspaces-get-workspace:
      parameters:
        path:
          organizationId: "<id>"
          workspaceId: "<id>"
      responses:
        "200":
          application/json: {"workspaceId": "main", "region": "us-west-2", "leaderFQDN": "workspace-leader.example.com", "state": "Active", "alias": "Production Environment", "description": "Main production workspace for customer data processing", "tags": ["production", "customer-data"]}
        default:
          application/json: {"statusCode": 8847.69, "message": "<value>"}
  v1.apiCredentials.listApiCredentials:
    speakeasy-default-v1-api-credentials-list-api-credentials:
      parameters:
        path:
          organizationId: "<id>"
      responses:
        "200":
          application/json: {"items": [], "count": 1}
        default:
          application/json: {"statusCode": 775.48, "message": "<value>"}
  v1.apiCredentials.createApiCredential:
    speakeasy-default-v1-api-credentials-create-api-credential:
      parameters:
        path:
          organizationId: "<id>"
      requestBody:
        application/json: {"name": "Auto-Manage-Workspaces", "description": "Used for automated Workspace management", "enabled": true, "workspaceId": "main", "roles": {"organizationRole": "admin", "workspaces": [{"workspaceId": "main", "workspaceRole": "admin", "products": [{"product": "stream", "role": "admin"}]}]}}
      responses:
        "201":
          application/json: {"name": "Auto-Manage-Workspaces", "description": "Used for automated Workspace management", "enabled": true, "workspaceId": "main", "organizationId": "org-123", "clientId": "clientIdabcd1234EXAMPLE", "roles": {"organizationRole": "admin", "workspaces": [{"workspaceId": "main", "workspaceRole": "admin", "products": [{"product": "stream", "role": "admin"}]}]}, "createdBy": "user@example.com", "createdDate": "2024-08-15T12:34:56Z", "lastUpdatedBy": "user@example.com", "lastUpdatedDate": "2024-08-15T12:34:56Z", "clientSecret": "clientSecretabcd1234EXAMPLE"}
        default:
          application/json: {"statusCode": 9282.56, "message": "<value>"}
  v1.apiCredentials.updateApiCredential:
    speakeasy-default-v1-api-credentials-update-api-credential:
      parameters:
        path:
          organizationId: "<id>"
          apiCredentialId: "<id>"
      requestBody:
        application/json: {"name": "Auto-Manage-Workspaces", "description": "Used for automated Workspace management", "enabled": true, "roles": {"organizationRole": "admin", "workspaces": [{"workspaceId": "main", "workspaceRole": "admin", "products": [{"product": "stream", "role": "admin"}]}]}}
      responses:
        default:
          application/json: {"statusCode": 5095.64, "message": "<value>"}
  v1.apiCredentials.deleteApiCredential:
    speakeasy-default-v1-api-credentials-delete-api-credential:
      parameters:
        path:
          organizationId: "<id>"
          apiCredentialId: "<id>"
      responses:
        default:
          application/json: {"statusCode": 9034.38, "message": "<value>"}
  v1.apiCredentials.getApiCredential:
    speakeasy-default-v1-api-credentials-get-api-credential:
      parameters:
        path:
          organizationId: "<id>"
          apiCredentialId: "<id>"
      responses:
        "200":
          application/json: {"name": "Auto-Manage-Workspaces", "description": "Used for automated Workspace management", "enabled": true, "workspaceId": "main", "organizationId": "org-123", "clientId": "clientIdabcd1234EXAMPLE", "roles": {"organizationRole": "admin", "workspaces": [{"workspaceId": "main", "workspaceRole": "admin", "products": [{"product": "stream", "role": "admin"}]}]}, "createdBy": "user@example.com", "createdDate": "2024-08-15T12:34:56Z", "lastUpdatedBy": "user@example.com", "lastUpdatedDate": "2024-08-15T12:34:56Z", "clientSecret": "clientSecretabcd1234EXAMPLE"}
        default:
          application/json: {"statusCode": 6805.09, "message": "<value>"}
examplesVersion: 1.0.2
generatedTests:
  dummyServiceStatus: "2025-07-02T19:33:07+02:00"
releaseNotes: |
  ## Typescript SDK Changes:
  * `criblmgmtplane.apiCredentials.list()`: **Added**
  * `criblmgmtplane.apiCredentials.create()`: **Added**
  * `criblmgmtplane.apiCredentials.update()`: **Added**
  * `criblmgmtplane.apiCredentials.delete()`: **Added**
  * `criblmgmtplane.apiCredentials.get()`: **Added**
generatedFiles:
  - .devcontainer/README.md
  - .devcontainer/devcontainer.json
  - .devcontainer/setup.sh
  - .gitattributes
  - .npmignore
  - FUNCTIONS.md
  - RUNTIMES.md
  - USAGE.md
  - docs/lib/utils/retryconfig.md
  - docs/models/defaulterrordto.md
  - docs/models/operations/gethealthstatusresponse.md
  - docs/models/operations/gethealthstatusresponsebody.md
  - docs/models/operations/v1workspacescreateworkspacerequest.md
  - docs/models/operations/v1workspacescreateworkspaceresponse.md
  - docs/models/operations/v1workspacesdeleteworkspacerequest.md
  - docs/models/operations/v1workspacesgetworkspacerequest.md
  - docs/models/operations/v1workspacesgetworkspaceresponse.md
  - docs/models/operations/v1workspaceslistworkspacesrequest.md
  - docs/models/operations/v1workspaceslistworkspacesresponse.md
  - docs/models/operations/v1workspacesupdateworkspacerequest.md
  - docs/models/region.md
  - docs/models/schemeclientoauth.md
  - docs/models/security.md
  - docs/models/state.md
  - docs/models/workspacecreaterequestdto.md
  - docs/models/workspacepatchrequestdto.md
  - docs/models/workspaceschema.md
  - docs/models/workspaceslistresponsedto.md
  - docs/sdks/health/README.md
  - docs/sdks/workspaces/README.md
  - eslint.config.mjs
  - examples/.env.template
  - examples/README.md
  - examples/healthGet.example.ts
  - examples/package.json
  - jsr.json
  - package.json
  - src/core.ts
  - src/funcs/healthGet.ts
  - src/funcs/workspacesCreate.ts
  - src/funcs/workspacesDelete.ts
  - src/funcs/workspacesGet.ts
  - src/funcs/workspacesList.ts
  - src/funcs/workspacesUpdate.ts
  - src/hooks/clientcredentials.ts
  - src/hooks/hooks.ts
  - src/hooks/index.ts
  - src/hooks/types.ts
  - src/index.ts
  - src/lib/base64.ts
  - src/lib/config.ts
  - src/lib/dlv.ts
  - src/lib/encodings.ts
  - src/lib/env.ts
  - src/lib/files.ts
  - src/lib/http.ts
  - src/lib/is-plain-object.ts
  - src/lib/logger.ts
  - src/lib/matchers.ts
  - src/lib/oauth2-sessions.ts
  - src/lib/primitives.ts
  - src/lib/retries.ts
  - src/lib/schemas.ts
  - src/lib/sdks.ts
  - src/lib/security.ts
  - src/lib/url.ts
  - src/models/defaulterrordto.ts
  - src/models/errors/criblmgmtplanedefaulterror.ts
  - src/models/errors/criblmgmtplaneerror.ts
  - src/models/errors/httpclienterrors.ts
  - src/models/errors/index.ts
  - src/models/errors/responsevalidationerror.ts
  - src/models/errors/sdkvalidationerror.ts
  - src/models/index.ts
  - src/models/operations/gethealthstatus.ts
  - src/models/operations/index.ts
  - src/models/operations/v1workspacescreateworkspace.ts
  - src/models/operations/v1workspacesdeleteworkspace.ts
  - src/models/operations/v1workspacesgetworkspace.ts
  - src/models/operations/v1workspaceslistworkspaces.ts
  - src/models/operations/v1workspacesupdateworkspace.ts
  - src/models/schemeclientoauth.ts
  - src/models/security.ts
  - src/models/workspacecreaterequestdto.ts
  - src/models/workspacepatchrequestdto.ts
  - src/models/workspaceschema.ts
  - src/models/workspaceslistresponsedto.ts
  - src/sdk/health.ts
  - src/sdk/index.ts
  - src/sdk/sdk.ts
  - src/sdk/workspaces.ts
  - src/types/async.ts
  - src/types/blobs.ts
  - src/types/constdatetime.ts
  - src/types/enums.ts
  - src/types/fp.ts
  - src/types/index.ts
  - src/types/operations.ts
  - src/types/rfcdate.ts
  - src/types/streams.ts
  - tsconfig.json
