lockVersion: 2.0.0
id: 39249540-9d0a-4399-912f-4b4bb9daeab4
management:
  docChecksum: 633acd97d990f091600e865bf339b0e0
  docVersion: "1.0"
  speakeasyVersion: 1.630.0
  generationVersion: 2.716.10
  releaseVersion: 0.0.19
  configChecksum: 393eeb4a7da1345072947d255360ff13
  repoURL: https://github.com/criblio/cribl-cloud-management-sdk-typescript.git
  installationURL: https://github.com/criblio/cribl-cloud-management-sdk-typescript
  published: true
features:
  typescript:
    additionalDependencies: 0.1.0
    core: 3.21.25
    defaultEnabledRetries: 0.1.0
    devContainers: 2.90.1
    enumUnions: 0.1.0
    envVarSecurityUsage: 0.1.2
    globalSecurity: 2.82.14
    globalSecurityCallbacks: 0.1.0
    globalServerURLs: 2.82.5
    groups: 2.81.2
    methodArguments: 0.1.2
    nameOverrides: 2.81.2
    oauth2ClientCredentials: 0.5.0
    openEnums: 0.1.1
    responseFormat: 0.2.3
    retries: 2.83.0
    sdkHooks: 0.3.0
generatedFiles:
  - .devcontainer/README.md
  - .devcontainer/devcontainer.json
  - .devcontainer/setup.sh
  - .gitattributes
  - .npmignore
  - FUNCTIONS.md
  - RUNTIMES.md
  - USAGE.md
  - docs/lib/utils/retryconfig.md
  - docs/models/operations/gethealthstatusresponse.md
  - docs/models/operations/v1workspacescreateworkspacerequest.md
  - docs/models/operations/v1workspacesdeleteworkspacerequest.md
  - docs/models/operations/v1workspacesgetworkspacerequest.md
  - docs/models/operations/v1workspaceslistworkspacesrequest.md
  - docs/models/operations/v1workspacesupdateworkspacerequest.md
  - docs/models/schemeclientoauth.md
  - docs/models/security.md
  - docs/models/state.md
  - docs/models/workspacecreaterequestdto.md
  - docs/models/workspacecreaterequestdtoregion.md
  - docs/models/workspacepatchrequestdto.md
  - docs/models/workspaceschema.md
  - docs/models/workspaceschemaregion.md
  - docs/models/workspaceslistresponsedto.md
  - docs/sdks/criblmgmtplane/README.md
  - docs/sdks/health/README.md
  - docs/sdks/workspaces/README.md
  - eslint.config.mjs
  - examples/.env.template
  - examples/README.md
  - examples/healthGet.example.ts
  - examples/package.json
  - jsr.json
  - package.json
  - src/core.ts
  - src/funcs/healthGet.ts
  - src/funcs/workspacesCreate.ts
  - src/funcs/workspacesDelete.ts
  - src/funcs/workspacesGet.ts
  - src/funcs/workspacesList.ts
  - src/funcs/workspacesUpdate.ts
  - src/hooks/clientcredentials.ts
  - src/hooks/hooks.ts
  - src/hooks/index.ts
  - src/hooks/types.ts
  - src/index.ts
  - src/lib/base64.ts
  - src/lib/config.ts
  - src/lib/dlv.ts
  - src/lib/encodings.ts
  - src/lib/env.ts
  - src/lib/files.ts
  - src/lib/http.ts
  - src/lib/is-plain-object.ts
  - src/lib/logger.ts
  - src/lib/matchers.ts
  - src/lib/primitives.ts
  - src/lib/retries.ts
  - src/lib/schemas.ts
  - src/lib/sdks.ts
  - src/lib/security.ts
  - src/lib/url.ts
  - src/models/errors/criblmgmtplanedefaulterror.ts
  - src/models/errors/criblmgmtplaneerror.ts
  - src/models/errors/httpclienterrors.ts
  - src/models/errors/index.ts
  - src/models/errors/responsevalidationerror.ts
  - src/models/errors/sdkvalidationerror.ts
  - src/models/index.ts
  - src/models/operations/gethealthstatus.ts
  - src/models/operations/index.ts
  - src/models/operations/v1workspacescreateworkspace.ts
  - src/models/operations/v1workspacesdeleteworkspace.ts
  - src/models/operations/v1workspacesgetworkspace.ts
  - src/models/operations/v1workspaceslistworkspaces.ts
  - src/models/operations/v1workspacesupdateworkspace.ts
  - src/models/schemeclientoauth.ts
  - src/models/security.ts
  - src/models/workspacecreaterequestdto.ts
  - src/models/workspacepatchrequestdto.ts
  - src/models/workspaceschema.ts
  - src/models/workspaceslistresponsedto.ts
  - src/sdk/health.ts
  - src/sdk/index.ts
  - src/sdk/sdk.ts
  - src/sdk/workspaces.ts
  - src/types/async.ts
  - src/types/blobs.ts
  - src/types/constdatetime.ts
  - src/types/enums.ts
  - src/types/fp.ts
  - src/types/index.ts
  - src/types/operations.ts
  - src/types/rfcdate.ts
  - src/types/streams.ts
  - tsconfig.json
examples:
  dummyServiceStatus: {}
  getHealthStatus:
    speakeasy-default-get-health-status:
      responses:
        "200":
          application/json: {"status": "OK"}
  v1.workspaces.createWorkspace:
    speakeasy-default-v1-workspaces-create-workspace:
      parameters:
        path:
          organizationId: "<id>"
      requestBody:
        application/json: {"workspaceId": "main", "region": "us-west-2", "alias": "Production Environment", "description": "Main production workspace for customer data processing", "tags": ["production", "customer-data"]}
      responses:
        "201":
          application/json: {"workspaceId": "main", "region": "us-west-2", "lastUpdated": "2023-01-01T12:00:00Z", "leaderFQDN": "workspace-leader.example.com", "state": "Workspace-Active", "alias": "Production Environment", "description": "Main production workspace for customer data processing", "tags": ["production", "customer-data"]}
  v1.workspaces.listWorkspaces:
    speakeasy-default-v1-workspaces-list-workspaces:
      parameters:
        path:
          organizationId: "<id>"
      responses:
        "200":
          application/json: {"items": [{"workspaceId": "main", "region": "us-west-2", "lastUpdated": "2023-01-01T12:00:00Z", "leaderFQDN": "workspace-leader.example.com", "state": "Workspace-Active", "alias": "Production Environment", "description": "Main production workspace for customer data processing", "tags": ["production", "customer-data"]}], "count": 5}
  v1.workspaces.updateWorkspace:
    speakeasy-default-v1-workspaces-update-workspace:
      parameters:
        path:
          organizationId: "<id>"
          workspaceId: "<id>"
      requestBody:
        application/json: {"alias": "Production Environment", "description": "Main production workspace for customer data processing", "tags": ["production", "customer-data"]}
      responses:
        "200":
          application/json: {"workspaceId": "main", "region": "us-west-2", "lastUpdated": "2023-01-01T12:00:00Z", "leaderFQDN": "workspace-leader.example.com", "state": "Workspace-Active", "alias": "Production Environment", "description": "Main production workspace for customer data processing", "tags": ["production", "customer-data"]}
  v1.workspaces.deleteWorkspace:
    speakeasy-default-v1-workspaces-delete-workspace:
      parameters:
        path:
          organizationId: "<id>"
          workspaceId: "<id>"
  v1.workspaces.getWorkspace:
    speakeasy-default-v1-workspaces-get-workspace:
      parameters:
        path:
          organizationId: "<id>"
          workspaceId: "<id>"
      responses:
        "200":
          application/json: {"workspaceId": "main", "region": "us-west-2", "lastUpdated": "2023-01-01T12:00:00Z", "leaderFQDN": "workspace-leader.example.com", "state": "Workspace-Active", "alias": "Production Environment", "description": "Main production workspace for customer data processing", "tags": ["production", "customer-data"]}
examplesVersion: 1.0.2
generatedTests:
  dummyServiceStatus: "2025-07-02T19:33:07+02:00"
