speakeasyVersion: 1.634.1
sources:
    Cribl Cloud Management API:
        sourceNamespace: cribl-cloud-management-api
        sourceRevisionDigest: sha256:20e815a459438c99a3e985a1bff2a8a15e93cd9abe6adaa8db90422e97f95f4f
        sourceBlobDigest: sha256:0402472b1e070d0eca7988caa9a9d60cb0be2d5b41df7214d3041750dfb03abf
        tags:
            - latest
            - speakeasy-sdk-regen-1760024698
            - "1.0"
targets:
    cribl-mgmt-plane:
        source: Cribl Cloud Management API
        sourceNamespace: cribl-cloud-management-api
        sourceRevisionDigest: sha256:20e815a459438c99a3e985a1bff2a8a15e93cd9abe6adaa8db90422e97f95f4f
        sourceBlobDigest: sha256:0402472b1e070d0eca7988caa9a9d60cb0be2d5b41df7214d3041750dfb03abf
        codeSamplesNamespace: cribl-cloud-management-api-typescript-code-samples
        codeSamplesRevisionDigest: sha256:e9dd0c43b95a5023f2d13c31b7f404f90320a690887ab0f3121d192df18c2e11
workflow:
    workflowVersion: 1.0.0
    speakeasyVersion: 1.634.1
    sources:
        Cribl Cloud Management API:
            inputs:
                - location: https://raw.githubusercontent.com/criblio/cribl-openapi-spec/main/specs/mgmt-plane.yml
            output: .speakeasy/out.openapi.yaml
            registry:
                location: registry.speakeasyapi.dev/cribl/cribl/cribl-cloud-management-api
    targets:
        cribl-mgmt-plane:
            target: typescript
            source: Cribl Cloud Management API
            publish:
                npm:
                    token: $npm_token
            codeSamples:
                registry:
                    location: registry.speakeasyapi.dev/cribl/cribl/cribl-cloud-management-api-typescript-code-samples
                labelOverride:
                    fixedValue: Typescript (SDK)
                blocking: false
            testing:
                enabled: false
