speakeasyVersion: 1.630.0
sources:
    Cribl Cloud Management API:
        sourceNamespace: cribl-cloud-management-api
        sourceRevisionDigest: sha256:b017bdd8da69dc25072b2a9536070596d1c9a4ae2fc7a71565b54394b9b4f472
        sourceBlobDigest: sha256:de7f22c2c4d6bdfa5452ddd9a98f557379140db5efe7ae58d3a8831596ca55ca
        tags:
            - latest
            - speakeasy-sdk-regen-1759230040
            - "1.0"
targets:
    cribl-mgmt-plane:
        source: Cribl Cloud Management API
        sourceNamespace: cribl-cloud-management-api
        sourceRevisionDigest: sha256:b017bdd8da69dc25072b2a9536070596d1c9a4ae2fc7a71565b54394b9b4f472
        sourceBlobDigest: sha256:de7f22c2c4d6bdfa5452ddd9a98f557379140db5efe7ae58d3a8831596ca55ca
        codeSamplesNamespace: cribl-cloud-management-api-typescript-code-samples
        codeSamplesRevisionDigest: sha256:5bb0e9c73fd2da6adc328e140dd7598ee6cb87f5ad234589aa5b322bc665ad24
workflow:
    workflowVersion: 1.0.0
    speakeasyVersion: 1.630.0
    sources:
        Cribl Cloud Management API:
            inputs:
                - location: https://raw.githubusercontent.com/criblio/cribl-openapi-spec/main/specs/mgmt-plane.yml
            output: .speakeasy/out.openapi.yaml
            registry:
                location: registry.speakeasyapi.dev/cribl/cribl/cribl-cloud-management-api
    targets:
        cribl-mgmt-plane:
            target: typescript
            source: Cribl Cloud Management API
            publish:
                npm:
                    token: $npm_token
            codeSamples:
                registry:
                    location: registry.speakeasyapi.dev/cribl/cribl/cribl-cloud-management-api-typescript-code-samples
                labelOverride:
                    fixedValue: Typescript (SDK)
                blocking: false
            testing:
                enabled: false
