speakeasyVersion: 1.634.1
sources:
    Cribl Cloud Management API:
        sourceNamespace: cribl-cloud-management-api
        sourceRevisionDigest: sha256:fcd70d2723eab720c4b05948d6de2b626820c80d21d4a876332a67b7f280e519
        sourceBlobDigest: sha256:38b4f0474ffe09b82e9da236ed6f848d2f8c1fa6b0e9e06462d038645eaf2867
        tags:
            - latest
            - speakeasy-sdk-regen-1759453003
            - "1.0"
targets:
    cribl-mgmt-plane:
        source: Cribl Cloud Management API
        sourceNamespace: cribl-cloud-management-api
        sourceRevisionDigest: sha256:fcd70d2723eab720c4b05948d6de2b626820c80d21d4a876332a67b7f280e519
        sourceBlobDigest: sha256:38b4f0474ffe09b82e9da236ed6f848d2f8c1fa6b0e9e06462d038645eaf2867
        codeSamplesNamespace: cribl-cloud-management-api-typescript-code-samples
        codeSamplesRevisionDigest: sha256:23b71d8456aaf039dd06ac28daa4432eb8a688a98e7719e72da5961b7777878d
workflow:
    workflowVersion: 1.0.0
    speakeasyVersion: 1.634.1
    sources:
        Cribl Cloud Management API:
            inputs:
                - location: https://raw.githubusercontent.com/criblio/cribl-openapi-spec/main/specs/mgmt-plane.yml
            output: .speakeasy/out.openapi.yaml
            registry:
                location: registry.speakeasyapi.dev/cribl/cribl/cribl-cloud-management-api
    targets:
        cribl-mgmt-plane:
            target: typescript
            source: Cribl Cloud Management API
            publish:
                npm:
                    token: $npm_token
            codeSamples:
                registry:
                    location: registry.speakeasyapi.dev/cribl/cribl/cribl-cloud-management-api-typescript-code-samples
                labelOverride:
                    fixedValue: Typescript (SDK)
                blocking: false
            testing:
                enabled: false
